
Microsoft Visual Studio Solution File, Format Version 12.00
# Visual Studio Version 17
VisualStudioVersion = 17.8.34309.116
MinimumVisualStudioVersion = 10.0.40219.1
Project("{FAE04EC0-301F-11D3-BF4B-00C04F79EFBC}") = "tempConverter", "tempConverter\tempConverter.csproj", "{3F662593-621A-4BCF-811B-DC1A13E056FD}"
EndProject
Global
	GlobalSection(SolutionConfigurationPlatforms) = preSolution
		Debug|Any CPU = Debug|Any CPU
		Release|Any CPU = Release|Any CPU
	EndGlobalSection
	GlobalSection(ProjectConfigurationPlatforms) = postSolution
		{3F662593-621A-4BCF-811B-DC1A13E056FD}.Debug|Any CPU.ActiveCfg = Debug|Any CPU
		{3F662593-621A-4BCF-811B-DC1A13E056FD}.Debug|Any CPU.Build.0 = Debug|Any CPU
		{3F662593-621A-4BCF-811B-DC1A13E056FD}.Release|Any CPU.ActiveCfg = Release|Any CPU
		{3F662593-621A-4BCF-811B-DC1A13E056FD}.Release|Any CPU.Build.0 = Release|Any CPU
	EndGlobalSection
	GlobalSection(SolutionProperties) = preSolution
		HideSolutionNode = FALSE
	EndGlobalSection
	GlobalSection(ExtensibilityGlobals) = postSolution
		SolutionGuid = {C902E86D-5A9E-4B12-9976-F30E0BF57825}
	EndGlobalSection
EndGlobal
